
Microsoft Visual Studio Solution File, Format Version 12.00
# Visual Studio Version 17
VisualStudioVersion = 17.0.31903.59
MinimumVisualStudioVersion = 10.0.40219.1
Project("{FAE04EC0-301F-11D3-BF4B-00C04F79EFBC}") = "Shared", "Shared\Shared.csproj", "{4AD3E603-2BD8-4D24-AAF0-27498A8EC869}"
EndProject
Project("{FAE04EC0-301F-11D3-BF4B-00C04F79EFBC}") = "Sender", "Sender\Sender.csproj", "{BBD9DED0-4BBC-44FC-837C-222FC6A09CD9}"
EndProject
Project("{FAE04EC0-301F-11D3-BF4B-00C04F79EFBC}") = "Receiver", "Receiver\Receiver.csproj", "{80445B88-8D5C-4175-BA84-4A8CC2E465A3}"
EndProject
Global
	GlobalSection(SolutionConfigurationPlatforms) = preSolution
		Debug|Any CPU = Debug|Any CPU
		Release|Any CPU = Release|Any CPU
	EndGlobalSection
	GlobalSection(SolutionProperties) = preSolution
		HideSolutionNode = FALSE
	EndGlobalSection
	GlobalSection(ProjectConfigurationPlatforms) = postSolution
		{4AD3E603-2BD8-4D24-AAF0-27498A8EC869}.Debug|Any CPU.ActiveCfg = Debug|Any CPU
		{4AD3E603-2BD8-4D24-AAF0-27498A8EC869}.Debug|Any CPU.Build.0 = Debug|Any CPU
		{4AD3E603-2BD8-4D24-AAF0-27498A8EC869}.Release|Any CPU.ActiveCfg = Release|Any CPU
		{4AD3E603-2BD8-4D24-AAF0-27498A8EC869}.Release|Any CPU.Build.0 = Release|Any CPU
		{BBD9DED0-4BBC-44FC-837C-222FC6A09CD9}.Debug|Any CPU.ActiveCfg = Debug|Any CPU
		{BBD9DED0-4BBC-44FC-837C-222FC6A09CD9}.Debug|Any CPU.Build.0 = Debug|Any CPU
		{BBD9DED0-4BBC-44FC-837C-222FC6A09CD9}.Release|Any CPU.ActiveCfg = Release|Any CPU
		{BBD9DED0-4BBC-44FC-837C-222FC6A09CD9}.Release|Any CPU.Build.0 = Release|Any CPU
		{80445B88-8D5C-4175-BA84-4A8CC2E465A3}.Debug|Any CPU.ActiveCfg = Debug|Any CPU
		{80445B88-8D5C-4175-BA84-4A8CC2E465A3}.Debug|Any CPU.Build.0 = Debug|Any CPU
		{80445B88-8D5C-4175-BA84-4A8CC2E465A3}.Release|Any CPU.ActiveCfg = Release|Any CPU
		{80445B88-8D5C-4175-BA84-4A8CC2E465A3}.Release|Any CPU.Build.0 = Release|Any CPU
	EndGlobalSection
EndGlobal
